
Microsoft Visual Studio Solution File, Format Version 12.00
# Visual Studio Version 17
VisualStudioVersion = 17.14.36811.4
MinimumVisualStudioVersion = 10.0.40219.1
Project("{FAE04EC0-301F-11D3-BF4B-00C04F79EFBC}") = "PPZO Zadanie 2", "PPZO Zadanie 2\PPZO Zadanie 2.csproj", "{0B797A23-F022-4E33-BE4C-1BF38117AB4C}"
EndProject
Project("{888888A0-9F3D-457C-B088-3A5042F75D52}") = "PPZO Zadanie 2 Python", "PPZO Zadanie 2 Python\PPZO Zadanie 2 Python.pyproj", "{2B24B349-8556-4CC6-86B2-FAAACA29317F}"
EndProject
Global
	GlobalSection(SolutionConfigurationPlatforms) = preSolution
		Debug|Any CPU = Debug|Any CPU
		Release|Any CPU = Release|Any CPU
	EndGlobalSection
	GlobalSection(ProjectConfigurationPlatforms) = postSolution
		{0B797A23-F022-4E33-BE4C-1BF38117AB4C}.Debug|Any CPU.ActiveCfg = Debug|Any CPU
		{0B797A23-F022-4E33-BE4C-1BF38117AB4C}.Debug|Any CPU.Build.0 = Debug|Any CPU
		{0B797A23-F022-4E33-BE4C-1BF38117AB4C}.Release|Any CPU.ActiveCfg = Release|Any CPU
		{0B797A23-F022-4E33-BE4C-1BF38117AB4C}.Release|Any CPU.Build.0 = Release|Any CPU
		{2B24B349-8556-4CC6-86B2-FAAACA29317F}.Debug|Any CPU.ActiveCfg = Debug|Any CPU
		{2B24B349-8556-4CC6-86B2-FAAACA29317F}.Release|Any CPU.ActiveCfg = Release|Any CPU
	EndGlobalSection
	GlobalSection(SolutionProperties) = preSolution
		HideSolutionNode = FALSE
	EndGlobalSection
	GlobalSection(ExtensibilityGlobals) = postSolution
		SolutionGuid = {5196D6AC-37CA-4030-827D-18B521F5095A}
	EndGlobalSection
EndGlobal
